github.com/beorn7/perks v0.0.0-20160229213445-3ac7bf7a47d1 h1:OnJHjoVbY69GG4gclp0ngXfywigLhR6rrgUxmxQRWO4=
github.com/beorn7/perks v0.0.0-20160229213445-3ac7bf7a47d1/go.mod h1:Dwedo/Wpr24TaqPxmxbtue+5NUziq4I4S80YR8gNf3Q=
github.com/davecgh/go-spew v1.1.0 h1:ZDRjVQ15GmhC3fiQ8ni8+OwkZQO4DARzQgrnXU1Liz8=
github.com/davecgh/go-spew v1.1.0/go.mod h1:J7Y8YcW2NihsgmVo/mv3lAwl/skON4iLHjSsI+c5H38=
github.com/golang/protobuf v0.0.0-20160614223140-0c1f6d65b5a1 h1:wWfHFGZjHKDnUW3NaVqmOco2gy0/E4mGS7Bvt7eGTig=
github.com/golang/protobuf v0.0.0-20160614223140-0c1f6d65b5a1/go.mod h1:6lQm79b+lXiMfvg/cZm0SGofjICqVBUtrP5yJMmIC1U=
github.com/hashicorp/consul v0.0.0-20150921174127-de080672fee9 h1:18FDJdsMcd1+EVmUZkqbQSacgKUFx5HxQ88eZlQeR64=
github.com/hashicorp/consul v0.0.0-20150921174127-de080672fee9/go.mod h1:mFrjN1mfidgJfYP1xrJCF+AfRhr6Eaqhb2+sfyn/OOI=
github.com/hashicorp/hcl v0.0.0-20161028233240-8fa153c5b4e9 h1:/PUjtOMt1QpGb+H9jaNnEA71RraB8gDaZ0j4glMmHvE=
github.com/hashicorp/hcl v0.0.0-20161028233240-8fa153c5b4e9/go.mod h1:oZtUIOe8dh44I2q6ScRibXws4Ajl+d+nod3AaR9vL5w=
github.com/hpcloud/tail v1.0.0 h1:nfCOvKYfkgYP8hkirhJocXT2+zOD8yUNjXaWfTlyFKI=
github.com/hpcloud/tail v1.0.0/go.mod h1:ab1qPbhIpdTxEkNHXyeSf5vhxWSCs/tWer42PpOxQnU=
github.com/matttproud/golang_protobuf_extensions v1.0.1 h1:4hp9jkHxhMHkqkrB3Ix0jegS5sx/RkqARlsWZ6pIwiU=
github.com/matttproud/golang_protobuf_extensions v1.0.1/go.mod h1:D8He9yQNgCq6Z5Ld7szi9bcBfOoFv/3dc6xSMkL2PC0=
github.com/pmezard/go-difflib v1.0.0 h1:4DBwDE0NGyQoBHbLQYPwSUPoCMWR5BEzIk/f1lZbAQM=
github.com/pmezard/go-difflib v1.0.0/go.mod h1:iKH77koFhYxTK1pcRnkKkqfTogsbg7gZNVY4sRDYZ/4=
github.com/prometheus/client_golang v0.0.0-20160916180340-5636dc67ae77 h1:AsRF8OgdR5mSdUww9ELov+ybjPcwiRfYmQycUkMRR0k=
github.com/prometheus/client_golang v0.0.0-20160916180340-5636dc67ae77/go.mod h1:7SWBe2y4D6OKWSNQJUaRYU/AaXPKyh/dDVn+NZz0KFw=
github.com/prometheus/client_model v0.0.0-20150212101744-fa8ad6fec335 h1:0E/5GnGmzoDCtmzTycjGDWW33H0UBmAhR0h+FC8hWLs=
github.com/prometheus/client_model v0.0.0-20150212101744-fa8ad6fec335/go.mod h1:MbSGuTsp3dbXC40dX6PRTWyKYBIrTGTE9sqQNg2J8bo=
github.com/prometheus/common v0.0.0-20160623151427-4402f4e5ea79 h1:SvLlpwM0nouIVroZjoDw3sMhOvtX2sSbXaUp5BqDjZA=
github.com/prometheus/common v0.0.0-20160623151427-4402f4e5ea79/go.mod h1:daVV7qP5qjZbuso7PdcryaAu0sAZbrN9i7WWcTMWvro=
github.com/prometheus/procfs v0.0.0-20160411190841-abf152e5f3e9 h1:IrO4Eb9oGw+GxzOhO4b2QC5EWO85Omh/4iTSPZktMm8=
github.com/prometheus/procfs v0.0.0-20160411190841-abf152e5f3e9/go.mod h1:c3At6R/oaqEKCNdg8wHV1ftS6bRYblBhIjjI8uT2IGk=
github.com/satyrius/gonx v0.0.0-20160324173036-71c9c5956b05 h1:RJH8a3wJRHbgS6HbQHMSSzYy7zwY/8aspjW85tk9XgM=
github.com/satyrius/gonx v0.0.0-20160324173036-71c9c5956b05/go.mod h1:+r8KNe5d2tjkZU+DfhERo0G6KxkGih+1qYF6tqLHwvk=
github.com/satyrius/gonx v1.3.1-0.20180709120835-47c52b995fe5 h1:nIAK+9DnhpSebWeiIqvPr0rqSDC3j9r1I2bp0OJAYVE=
github.com/satyrius/gonx v1.3.1-0.20180709120835-47c52b995fe5/go.mod h1:+r8KNe5d2tjkZU+DfhERo0G6KxkGih+1qYF6tqLHwvk=
github.com/stretchr/testify v1.2.0 h1:LThGCOvhuJic9Gyd1VBCkhyUXmO8vKaBFvBsJ2k03rg=
github.com/stretchr/testify v1.2.0/go.mod h1:a8OnRcib4nhh0OaRAV+Yts87kKdq0PP7pXfy6kDkUVs=
golang.org/x/sys v0.0.0-20161023150541-c200b10b5d5e h1:uau++4dmjGy3TuvPvRbhZHY+TQVsImIxtWY5HRh9eho=
golang.org/x/sys v0.0.0-20161023150541-c200b10b5d5e/go.mod h1:STP8DvDyc/dI5b8T5hshtkjS+E42TnysNCUPdjciGhY=
gopkg.in/fsnotify.v1 v1.3.0 h1:JOfhQrGyc8jb766XEc2vcjohQoQW9pGaFr8b1Kj2az0=
gopkg.in/fsnotify.v1 v1.3.0/go.mod h1:Tz8NjZHkW78fSQdbUxIjBTcgA1z1m8ZHf0WmKUhAMys=
gopkg.in/tomb.v1 v1.0.0-20141024135613-dd632973f1e7 h1:uRGJdciOHaEIrze2W8Q3AKkepLTh2hOroT7a+7czfdQ=
gopkg.in/tomb.v1 v1.0.0-20141024135613-dd632973f1e7/go.mod h1:dt/ZhP58zS4L8KSrWDmTeBkI65Dw0HsyUHuEVlX15mw=
gopkg.in/yaml.v2 v2.0.0-20180104195722-0e4404da7122 h1:SZqIK7cl+kTgWR0pJmEXSmltitRTJZ0fR2rwlRymaEM=
gopkg.in/yaml.v2 v2.0.0-20180104195722-0e4404da7122/go.mod h1:JAlM8MvJe8wmxCU4Bli9HhUf9+ttbYbLASfIpnQbh74=
