# This file is autogenerated, do not edit; changes may be undone by the next 'dep ensure'.


[[projects]]
  name = "github.com/beorn7/perks"
  packages = ["quantile"]
  revision = "3ac7bf7a47d159a033b107610db8a1b6575507a4"

[[projects]]
  name = "github.com/davecgh/go-spew"
  packages = ["spew"]
  revision = "346938d642f2ec3594ed81d874461961cd0faa76"
  version = "v1.1.0"

[[projects]]
  name = "github.com/golang/protobuf"
  packages = ["proto"]
  revision = "0c1f6d65b5a189c2250d10e71a5506f06f9fa0a0"

[[projects]]
  name = "github.com/hashicorp/consul"
  packages = ["api"]
  revision = "de080672fee9e6104572eeea89eccdca135bb918"

[[projects]]
  name = "github.com/hashicorp/hcl"
  packages = [".","hcl/ast","hcl/parser","hcl/scanner","hcl/strconv","hcl/token","json/parser","json/scanner","json/token"]
  revision = "8fa153c5b4e9d1ccecda7075821ffc7c1f6d912b"

[[projects]]
  name = "github.com/hpcloud/tail"
  packages = [".","ratelimiter","util","watch","winfile"]
  revision = "a30252cb686a21eb2d0b98132633053ec2f7f1e5"
  version = "v1.0.0"

[[projects]]
  branch = "master"
  name = "github.com/matttproud/golang_protobuf_extensions"
  packages = ["pbutil"]
  revision = "c12348ce28de40eed0136aa2b644d0ee0650e56c"

[[projects]]
  name = "github.com/pmezard/go-difflib"
  packages = ["difflib"]
  revision = "792786c7400a136282c1664665ae0a8db921c6c2"
  version = "v1.0.0"

[[projects]]
  name = "github.com/prometheus/client_golang"
  packages = ["prometheus"]
  revision = "5636dc67ae776adf5590da7349e70fbb9559972d"

[[projects]]
  name = "github.com/prometheus/client_model"
  packages = ["go"]
  revision = "fa8ad6fec33561be4280a8f0514318c79d7f6cb6"

[[projects]]
  name = "github.com/prometheus/common"
  packages = ["expfmt","internal/bitbucket.org/ww/goautoneg","model"]
  revision = "4402f4e5ea79ec15f3c574773b6a5198fbea215f"

[[projects]]
  name = "github.com/prometheus/procfs"
  packages = ["."]
  revision = "abf152e5f3e97f2fafac028d2cc06c1feb87ffa5"

[[projects]]
  name = "github.com/satyrius/gonx"
  packages = ["."]
  revision = "71c9c5956b05290346eb980b79b9beb9db036803"

[[projects]]
  name = "github.com/stretchr/testify"
  packages = ["assert"]
  revision = "b91bfb9ebec76498946beb6af7c0230c7cc7ba6c"
  version = "v1.2.0"

[[projects]]
  name = "golang.org/x/sys"
  packages = ["unix"]
  revision = "c200b10b5d5e122be351b67af224adc6128af5bf"

[[projects]]
  name = "gopkg.in/fsnotify.v1"
  packages = ["."]
  revision = "30411dbcefb7a1da7e84f75530ad3abe4011b4f8"
  version = "v1.3.0"

[[projects]]
  branch = "v1"
  name = "gopkg.in/tomb.v1"
  packages = ["."]
  revision = "dd632973f1e7218eb1089048e0798ec9ae7dceb8"

[solve-meta]
  analyzer-name = "dep"
  analyzer-version = 1
  inputs-digest = "627f849cdc691d97a354cfce6062ac483a651b335972c8f8d4691d4ebe4862f5"
  solver-name = "gps-cdcl"
  solver-version = 1
